
Microsoft Visual Studio Solution File, Format Version 12.00
# Visual Studio 14
VisualStudioVersion = 14.0.25123.0
MinimumVisualStudioVersion = 10.0.40219.1
Project("{FAE04EC0-301F-11D3-BF4B-00C04F79EFBC}") = "RestSharpHelper", "RestSharpHelper\RestSharpHelper.csproj", "{19ED04D1-FDD1-4047-A3ED-8AD22E9ADEEA}"
EndProject
Project("{FAE04EC0-301F-11D3-BF4B-00C04F79EFBC}") = "RestSharpHelperTest", "RestSharpHelperTest\RestSharpHelperTest.csproj", "{2E3DF5C2-8A38-4A03-86D7-8D463C917E47}"
EndProject
Global
	GlobalSection(SolutionConfigurationPlatforms) = preSolution
		Debug|Any CPU = Debug|Any CPU
		Release|Any CPU = Release|Any CPU
	EndGlobalSection
	GlobalSection(ProjectConfigurationPlatforms) = postSolution
		{19ED04D1-FDD1-4047-A3ED-8AD22E9ADEEA}.Debug|Any CPU.ActiveCfg = Debug|Any CPU
		{19ED04D1-FDD1-4047-A3ED-8AD22E9ADEEA}.Debug|Any CPU.Build.0 = Debug|Any CPU
		{19ED04D1-FDD1-4047-A3ED-8AD22E9ADEEA}.Release|Any CPU.ActiveCfg = Release|Any CPU
		{19ED04D1-FDD1-4047-A3ED-8AD22E9ADEEA}.Release|Any CPU.Build.0 = Release|Any CPU
		{2E3DF5C2-8A38-4A03-86D7-8D463C917E47}.Debug|Any CPU.ActiveCfg = Debug|Any CPU
		{2E3DF5C2-8A38-4A03-86D7-8D463C917E47}.Debug|Any CPU.Build.0 = Debug|Any CPU
		{2E3DF5C2-8A38-4A03-86D7-8D463C917E47}.Release|Any CPU.ActiveCfg = Release|Any CPU
		{2E3DF5C2-8A38-4A03-86D7-8D463C917E47}.Release|Any CPU.Build.0 = Release|Any CPU
	EndGlobalSection
	GlobalSection(SolutionProperties) = preSolution
		HideSolutionNode = FALSE
	EndGlobalSection
EndGlobal
